
Microsoft Visual Studio Solution File, Format Version 12.00
# Visual Studio Version 17
VisualStudioVersion = 17.12.35707.178
MinimumVisualStudioVersion = 10.0.40219.1
Project("{FAE04EC0-301F-11D3-BF4B-00C04F79EFBC}") = "PassWarden", "PassWarden\PassWarden.csproj", "{F4393719-667F-4CD0-97E1-BDED3C35B19E}"
EndProject
Project("{FAE04EC0-301F-11D3-BF4B-00C04F79EFBC}") = "PassWarden.Tests", "PassWarden.Tests\PassWarden.Tests.csproj", "{866DCC92-8FED-40DD-91BB-E66195B8271A}"
EndProject
Global
	GlobalSection(SolutionConfigurationPlatforms) = preSolution
		Debug|Any CPU = Debug|Any CPU
		Release|Any CPU = Release|Any CPU
	EndGlobalSection
	GlobalSection(ProjectConfigurationPlatforms) = postSolution
		{F4393719-667F-4CD0-97E1-BDED3C35B19E}.Debug|Any CPU.ActiveCfg = Debug|Any CPU
		{F4393719-667F-4CD0-97E1-BDED3C35B19E}.Debug|Any CPU.Build.0 = Debug|Any CPU
		{F4393719-667F-4CD0-97E1-BDED3C35B19E}.Release|Any CPU.ActiveCfg = Release|Any CPU
		{F4393719-667F-4CD0-97E1-BDED3C35B19E}.Release|Any CPU.Build.0 = Release|Any CPU
		{866DCC92-8FED-40DD-91BB-E66195B8271A}.Debug|Any CPU.ActiveCfg = Debug|Any CPU
		{866DCC92-8FED-40DD-91BB-E66195B8271A}.Debug|Any CPU.Build.0 = Debug|Any CPU
		{866DCC92-8FED-40DD-91BB-E66195B8271A}.Release|Any CPU.ActiveCfg = Release|Any CPU
		{866DCC92-8FED-40DD-91BB-E66195B8271A}.Release|Any CPU.Build.0 = Release|Any CPU
	EndGlobalSection
	GlobalSection(SolutionProperties) = preSolution
		HideSolutionNode = FALSE
	EndGlobalSection
EndGlobal
